# THIS IS AN AUTOGENERATED FILE. DO NOT EDIT THIS FILE DIRECTLY.
# yarn lockfile v1


commander@^2.19.0:
  version "2.20.3"
  resolved "https://registry.yarnpkg.com/commander/-/commander-2.20.3.tgz#fd485e84c03eb4881c20722ba48035e8531aeb33"
  integrity sha512-GpVkmM8vF2vQUkj2LvZmD35JxeJOLCwJ9cUkugyk2nuhbv3+mJvpLYYt+0+USMxE+oj+ey/lJEnhZw75x/OMcQ==

discontinuous-range@1.0.0:
  version "1.0.0"
  resolved "https://registry.yarnpkg.com/discontinuous-range/-/discontinuous-range-1.0.0.tgz#e38331f0844bba49b9a9cb71c771585aab1bc65a"
  integrity sha1-44Mx8IRLukm5qctxx3FYWqsbxlo=

moo@^0.5.0, moo@^0.5.1:
  version "0.5.1"
  resolved "https://registry.yarnpkg.com/moo/-/moo-0.5.1.tgz#7aae7f384b9b09f620b6abf6f74ebbcd1b65dbc4"
  integrity sha512-I1mnb5xn4fO80BH9BLcF0yLypy2UKl+Cb01Fu0hJRkJjlCRtxZMWkTdAtDd5ZqCOxtCkhmRwyI57vWT+1iZ67w==

nearley@^2.19.6:
  version "2.19.6"
  resolved "https://registry.yarnpkg.com/nearley/-/nearley-2.19.6.tgz#22663fd7326eb708b4c18bfdd7e4ce204b7239b0"
  integrity sha512-OV3Lx+o5iIGWVY38zs+7aiSnBqaHTFAOQiz83VHJje/wOOaSgzE3H0S/xfISxJhFSoPcX611OEDV9sCT8F283g==
  dependencies:
    commander "^2.19.0"
    moo "^0.5.0"
    railroad-diagrams "^1.0.0"
    randexp "0.4.6"
    semver "^5.4.1"

railroad-diagrams@^1.0.0:
  version "1.0.0"
  resolved "https://registry.yarnpkg.com/railroad-diagrams/-/railroad-diagrams-1.0.0.tgz#eb7e6267548ddedfb899c1b90e57374559cddb7e"
  integrity sha1-635iZ1SN3t+4mcG5Dlc3RVnN234=

randexp@0.4.6:
  version "0.4.6"
  resolved "https://registry.yarnpkg.com/randexp/-/randexp-0.4.6.tgz#e986ad5e5e31dae13ddd6f7b3019aa7c87f60ca3"
  integrity sha512-80WNmd9DA0tmZrw9qQa62GPPWfuXJknrmVmLcxvq4uZBdYqb1wYoKTmnlGUchvVWe0XiLupYkBoXVOxz3C8DYQ==
  dependencies:
    discontinuous-range "1.0.0"
    ret "~0.1.10"

ret@~0.1.10:
  version "0.1.15"
  resolved "https://registry.yarnpkg.com/ret/-/ret-0.1.15.tgz#b8a4825d5bdb1fc3f6f53c2bc33f81388681c7bc"
  integrity sha512-TTlYpa+OL+vMMNG24xSlQGEJ3B/RzEfUlLct7b5G/ytav+wPrplCpVMFuwzXbkecJrb6IYo1iFb0S9v37754mg==

semver@^5.4.1:
  version "5.7.1"
  resolved "https://registry.yarnpkg.com/semver/-/semver-5.7.1.tgz#a954f931aeba508d307bbf069eff0c01c96116f7"
  integrity sha512-sauaDf/PZdVgrLTNYHRtpXa1iRiKcaebiKQ1BJdpQlWH2lCvexQdX55snPFyK7QzpudqbCI0qXFfOasHdyNDGQ==
